
Microsoft Visual Studio Solution File, Format Version 12.00
# Visual Studio Version 17
VisualStudioVersion = 17.0.31903.59
MinimumVisualStudioVersion = 10.0.40219.1
Project("{FAE04EC0-301F-11D3-BF4B-00C04F79EFBC}") = "Test.MultiContainer.RabbitSender", "Test.MultiContainer.RabbitSender\Test.MultiContainer.RabbitSender.csproj", "{4613619F-202D-420B-873A-90E68885912E}"
EndProject
Global
	GlobalSection(SolutionConfigurationPlatforms) = preSolution
		Debug|Any CPU = Debug|Any CPU
		Release|Any CPU = Release|Any CPU
	EndGlobalSection
	GlobalSection(ProjectConfigurationPlatforms) = postSolution
		{4613619F-202D-420B-873A-90E68885912E}.Debug|Any CPU.ActiveCfg = Debug|Any CPU
		{4613619F-202D-420B-873A-90E68885912E}.Debug|Any CPU.Build.0 = Debug|Any CPU
		{4613619F-202D-420B-873A-90E68885912E}.Release|Any CPU.ActiveCfg = Release|Any CPU
		{4613619F-202D-420B-873A-90E68885912E}.Release|Any CPU.Build.0 = Release|Any CPU
	EndGlobalSection
	GlobalSection(SolutionProperties) = preSolution
		HideSolutionNode = FALSE
	EndGlobalSection
	GlobalSection(ExtensibilityGlobals) = postSolution
		SolutionGuid = {797CD14E-A080-46E6-ACB0-DF35C7B61902}
	EndGlobalSection
EndGlobal
